
Microsoft Visual Studio Solution File, Format Version 12.00
# Visual Studio Version 16
VisualStudioVersion = 16.0.29519.87
MinimumVisualStudioVersion = 10.0.40219.1
Project("{FAE04EC0-301F-11D3-BF4B-00C04F79EFBC}") = "OZamanDans.BLL", "D:\20191210-AdvencedOOP\OZamanDans.BLL\OZamanDans.BLL.csproj", "{EA4191E5-B986-444B-81F4-ECD060E1EF91}"
EndProject
Project("{FAE04EC0-301F-11D3-BF4B-00C04F79EFBC}") = "OZamanDans.Core", "D:\20191210-AdvencedOOP\OZamanDans.Core\OZamanDans.Core.csproj", "{C79651D9-BD33-4DDC-9FD7-0796C972E32D}"
EndProject
Project("{FAE04EC0-301F-11D3-BF4B-00C04F79EFBC}") = "OZamanDans.DAL", "D:\20191210-AdvencedOOP\OZamanDans.DAL\OZamanDans.DAL.csproj", "{858740A9-7961-4663-931E-2F21D09E7B76}"
EndProject
Project("{FAE04EC0-301F-11D3-BF4B-00C04F79EFBC}") = "OZamanDans.Model", "D:\20191210-AdvencedOOP\OZamanDans.Model\OZamanDans.Model.csproj", "{68D481B7-99EC-467D-8982-04FCDED2B0F5}"
EndProject
Project("{FAE04EC0-301F-11D3-BF4B-00C04F79EFBC}") = "OZamanDans.UI.WinForm", "D:\20191210-AdvencedOOP\OZamanDans.UI.WinForm\OZamanDans.UI.WinForm.csproj", "{2637FF62-05AD-46EA-89D7-A216D9954229}"
EndProject
Global
	GlobalSection(SolutionConfigurationPlatforms) = preSolution
		Debug|Any CPU = Debug|Any CPU
		Release|Any CPU = Release|Any CPU
	EndGlobalSection
	GlobalSection(ProjectConfigurationPlatforms) = postSolution
		{EA4191E5-B986-444B-81F4-ECD060E1EF91}.Debug|Any CPU.ActiveCfg = Debug|Any CPU
		{EA4191E5-B986-444B-81F4-ECD060E1EF91}.Debug|Any CPU.Build.0 = Debug|Any CPU
		{EA4191E5-B986-444B-81F4-ECD060E1EF91}.Release|Any CPU.ActiveCfg = Release|Any CPU
		{EA4191E5-B986-444B-81F4-ECD060E1EF91}.Release|Any CPU.Build.0 = Release|Any CPU
		{C79651D9-BD33-4DDC-9FD7-0796C972E32D}.Debug|Any CPU.ActiveCfg = Debug|Any CPU
		{C79651D9-BD33-4DDC-9FD7-0796C972E32D}.Debug|Any CPU.Build.0 = Debug|Any CPU
		{C79651D9-BD33-4DDC-9FD7-0796C972E32D}.Release|Any CPU.ActiveCfg = Release|Any CPU
		{C79651D9-BD33-4DDC-9FD7-0796C972E32D}.Release|Any CPU.Build.0 = Release|Any CPU
		{858740A9-7961-4663-931E-2F21D09E7B76}.Debug|Any CPU.ActiveCfg = Debug|Any CPU
		{858740A9-7961-4663-931E-2F21D09E7B76}.Debug|Any CPU.Build.0 = Debug|Any CPU
		{858740A9-7961-4663-931E-2F21D09E7B76}.Release|Any CPU.ActiveCfg = Release|Any CPU
		{858740A9-7961-4663-931E-2F21D09E7B76}.Release|Any CPU.Build.0 = Release|Any CPU
		{68D481B7-99EC-467D-8982-04FCDED2B0F5}.Debug|Any CPU.ActiveCfg = Debug|Any CPU
		{68D481B7-99EC-467D-8982-04FCDED2B0F5}.Debug|Any CPU.Build.0 = Debug|Any CPU
		{68D481B7-99EC-467D-8982-04FCDED2B0F5}.Release|Any CPU.ActiveCfg = Release|Any CPU
		{68D481B7-99EC-467D-8982-04FCDED2B0F5}.Release|Any CPU.Build.0 = Release|Any CPU
		{2637FF62-05AD-46EA-89D7-A216D9954229}.Debug|Any CPU.ActiveCfg = Debug|Any CPU
		{2637FF62-05AD-46EA-89D7-A216D9954229}.Debug|Any CPU.Build.0 = Debug|Any CPU
		{2637FF62-05AD-46EA-89D7-A216D9954229}.Release|Any CPU.ActiveCfg = Release|Any CPU
		{2637FF62-05AD-46EA-89D7-A216D9954229}.Release|Any CPU.Build.0 = Release|Any CPU
	EndGlobalSection
	GlobalSection(SolutionProperties) = preSolution
		HideSolutionNode = FALSE
	EndGlobalSection
	GlobalSection(ExtensibilityGlobals) = postSolution
		SolutionGuid = {CCBDF58F-8BD1-4C76-8BA4-CDB11FAF55C2}
	EndGlobalSection
EndGlobal
